
Microsoft Visual Studio Solution File, Format Version 12.00
# Visual Studio 15
Project("{FAE04EC0-301F-11D3-BF4B-00C04F79EFBC}") = "melanies-site", "melanies-site.csproj", "{109B0E08-E4E8-4D78-AD9D-4025F6248B61}"
EndProject
Global
	GlobalSection(SolutionConfigurationPlatforms) = preSolution
		Debug|Any CPU = Debug|Any CPU
		Release|Any CPU = Release|Any CPU
	EndGlobalSection
	GlobalSection(ProjectConfigurationPlatforms) = postSolution
		{109B0E08-E4E8-4D78-AD9D-4025F6248B61}.Debug|Any CPU.ActiveCfg = Debug|Any CPU
		{109B0E08-E4E8-4D78-AD9D-4025F6248B61}.Debug|Any CPU.Build.0 = Debug|Any CPU
		{109B0E08-E4E8-4D78-AD9D-4025F6248B61}.Release|Any CPU.ActiveCfg = Release|Any CPU
		{109B0E08-E4E8-4D78-AD9D-4025F6248B61}.Release|Any CPU.Build.0 = Release|Any CPU
	EndGlobalSection
EndGlobal
